
Microsoft Visual Studio Solution File, Format Version 12.00
# Visual Studio Version 16
VisualStudioVersion = 16.0.29306.81
MinimumVisualStudioVersion = 10.0.40219.1
Project("{9A19103F-16F7-4668-BE54-9A1E7A4F7556}") = "PatternRecognition", "PatternRecognition\PatternRecognition.csproj", "{47BF228E-6A83-4664-8E51-4E332C8CF9D7}"
EndProject
Project("{FAE04EC0-301F-11D3-BF4B-00C04F79EFBC}") = "UnitTest", "UnitTest\UnitTest.csproj", "{76F5315E-B135-4047-98F3-DE7290D6F8D9}"
EndProject
Global
	GlobalSection(SolutionConfigurationPlatforms) = preSolution
		Debug|Any CPU = Debug|Any CPU
		Release|Any CPU = Release|Any CPU
	EndGlobalSection
	GlobalSection(ProjectConfigurationPlatforms) = postSolution
		{47BF228E-6A83-4664-8E51-4E332C8CF9D7}.Debug|Any CPU.ActiveCfg = Debug|Any CPU
		{47BF228E-6A83-4664-8E51-4E332C8CF9D7}.Debug|Any CPU.Build.0 = Debug|Any CPU
		{47BF228E-6A83-4664-8E51-4E332C8CF9D7}.Release|Any CPU.ActiveCfg = Release|Any CPU
		{47BF228E-6A83-4664-8E51-4E332C8CF9D7}.Release|Any CPU.Build.0 = Release|Any CPU
		{76F5315E-B135-4047-98F3-DE7290D6F8D9}.Debug|Any CPU.ActiveCfg = Debug|Any CPU
		{76F5315E-B135-4047-98F3-DE7290D6F8D9}.Debug|Any CPU.Build.0 = Debug|Any CPU
		{76F5315E-B135-4047-98F3-DE7290D6F8D9}.Release|Any CPU.ActiveCfg = Release|Any CPU
		{76F5315E-B135-4047-98F3-DE7290D6F8D9}.Release|Any CPU.Build.0 = Release|Any CPU
	EndGlobalSection
	GlobalSection(SolutionProperties) = preSolution
		HideSolutionNode = FALSE
	EndGlobalSection
	GlobalSection(ExtensibilityGlobals) = postSolution
		SolutionGuid = {31B1BA91-6030-4B98-BB28-F9E835DC257E}
	EndGlobalSection
EndGlobal
